
Microsoft Visual Studio Solution File, Format Version 12.00
Project("{2150E333-8FDC-42A3-9474-1A3956D46DE8}") = "2023", "2023", "{748E1E00-2E87-471B-BD71-6B8B517B5654}"
EndProject
Project("{FAE04EC0-301F-11D3-BF4B-00C04F79EFBC}") = "Day01", "2023\Day01\Day01.csproj", "{7876599F-57DF-4A12-BD25-2369E57F9271}"
EndProject
Project("{FAE04EC0-301F-11D3-BF4B-00C04F79EFBC}") = "Aoc.Cli", "Aoc.Cli\Aoc.Cli.csproj", "{1A615387-83B9-49BE-853B-1DF3AAC7B157}"
EndProject
Project("{FAE04EC0-301F-11D3-BF4B-00C04F79EFBC}") = "Aoc.Types", "Aoc.Types\Aoc.Types.csproj", "{DA11E7F2-A93F-4CBE-B7C8-55B02C581115}"
EndProject
Project("{FAE04EC0-301F-11D3-BF4B-00C04F79EFBC}") = "Day01.UnitTests", "2023\Day01.UnitTests\Day01.UnitTests.csproj", "{97B02F95-A4A0-4844-B350-7E68E5F44FEE}"
EndProject
Global
	GlobalSection(SolutionConfigurationPlatforms) = preSolution
		Debug|Any CPU = Debug|Any CPU
		Release|Any CPU = Release|Any CPU
	EndGlobalSection
	GlobalSection(NestedProjects) = preSolution
		{7876599F-57DF-4A12-BD25-2369E57F9271} = {748E1E00-2E87-471B-BD71-6B8B517B5654}
		{97B02F95-A4A0-4844-B350-7E68E5F44FEE} = {748E1E00-2E87-471B-BD71-6B8B517B5654}
	EndGlobalSection
	GlobalSection(ProjectConfigurationPlatforms) = postSolution
		{7876599F-57DF-4A12-BD25-2369E57F9271}.Debug|Any CPU.ActiveCfg = Debug|Any CPU
		{7876599F-57DF-4A12-BD25-2369E57F9271}.Debug|Any CPU.Build.0 = Debug|Any CPU
		{7876599F-57DF-4A12-BD25-2369E57F9271}.Release|Any CPU.ActiveCfg = Release|Any CPU
		{7876599F-57DF-4A12-BD25-2369E57F9271}.Release|Any CPU.Build.0 = Release|Any CPU
		{1A615387-83B9-49BE-853B-1DF3AAC7B157}.Debug|Any CPU.ActiveCfg = Debug|Any CPU
		{1A615387-83B9-49BE-853B-1DF3AAC7B157}.Debug|Any CPU.Build.0 = Debug|Any CPU
		{1A615387-83B9-49BE-853B-1DF3AAC7B157}.Release|Any CPU.ActiveCfg = Release|Any CPU
		{1A615387-83B9-49BE-853B-1DF3AAC7B157}.Release|Any CPU.Build.0 = Release|Any CPU
		{DA11E7F2-A93F-4CBE-B7C8-55B02C581115}.Debug|Any CPU.ActiveCfg = Debug|Any CPU
		{DA11E7F2-A93F-4CBE-B7C8-55B02C581115}.Debug|Any CPU.Build.0 = Debug|Any CPU
		{DA11E7F2-A93F-4CBE-B7C8-55B02C581115}.Release|Any CPU.ActiveCfg = Release|Any CPU
		{DA11E7F2-A93F-4CBE-B7C8-55B02C581115}.Release|Any CPU.Build.0 = Release|Any CPU
		{97B02F95-A4A0-4844-B350-7E68E5F44FEE}.Debug|Any CPU.ActiveCfg = Debug|Any CPU
		{97B02F95-A4A0-4844-B350-7E68E5F44FEE}.Debug|Any CPU.Build.0 = Debug|Any CPU
		{97B02F95-A4A0-4844-B350-7E68E5F44FEE}.Release|Any CPU.ActiveCfg = Release|Any CPU
		{97B02F95-A4A0-4844-B350-7E68E5F44FEE}.Release|Any CPU.Build.0 = Release|Any CPU
	EndGlobalSection
EndGlobal
