
Microsoft Visual Studio Solution File, Format Version 12.00
Project("{2150E333-8FDC-42A3-9474-1A3956D46DE8}") = "2023", "2023", "{748E1E00-2E87-471B-BD71-6B8B517B5654}"
EndProject
Project("{FAE04EC0-301F-11D3-BF4B-00C04F79EFBC}") = "AoC._2023.Day01", "2023\AoC._2023.Day01\AoC._2023.Day01.csproj", "{7876599F-57DF-4A12-BD25-2369E57F9271}"
EndProject
Project("{FAE04EC0-301F-11D3-BF4B-00C04F79EFBC}") = "AoC.Cli", "AoC.Cli\AoC.Cli.csproj", "{1A615387-83B9-49BE-853B-1DF3AAC7B157}"
EndProject
Project("{FAE04EC0-301F-11D3-BF4B-00C04F79EFBC}") = "AoC.Types", "AoC.Types\AoC.Types.csproj", "{DA11E7F2-A93F-4CBE-B7C8-55B02C581115}"
EndProject
Project("{FAE04EC0-301F-11D3-BF4B-00C04F79EFBC}") = "AoC._2023.Day01.UnitTests", "2023\AoC._2023.Day01.UnitTests\AoC._2023.Day01.UnitTests.csproj", "{97B02F95-A4A0-4844-B350-7E68E5F44FEE}"
EndProject
Project("{FAE04EC0-301F-11D3-BF4B-00C04F79EFBC}") = "AoC._2023.Day02", "2023\AoC._2023.Day02\AoC._2023.Day02.csproj", "{36251F05-6837-4B73-A290-0B7731C988E0}"
EndProject
Project("{FAE04EC0-301F-11D3-BF4B-00C04F79EFBC}") = "AoC._2023.Day02.UnitTests", "2023\AoC._2023.Day02.UnitTests\AoC._2023.Day02.UnitTests.csproj", "{EFBBDF16-4A9B-43DF-9E91-D4B6CF9C698F}"
EndProject
Project("{2150E333-8FDC-42A3-9474-1A3956D46DE8}") = "2024", "2024", "{001F0D4A-5474-4F4A-BDF6-F1B2B2A67DF4}"
EndProject
Project("{FAE04EC0-301F-11D3-BF4B-00C04F79EFBC}") = "AoC._2023.Day03", "2023\AoC._2023.Day03\AoC._2023.Day03.csproj", "{30132915-75FC-4C4F-B33E-9A192375BB31}"
EndProject
Project("{FAE04EC0-301F-11D3-BF4B-00C04F79EFBC}") = "Aoc._2023.Day03.UnitTests", "2023\Aoc._2023.Day03.UnitTests\Aoc._2023.Day03.UnitTests.csproj", "{66339390-65C1-40B7-9013-8DC246959C8D}"
EndProject
Project("{FAE04EC0-301F-11D3-BF4B-00C04F79EFBC}") = "AoC._2023.Day04", "2023\AoC._2023.Day04\AoC._2023.Day04.csproj", "{E22C0D0F-576E-4FF8-88C5-4459D9C46FD4}"
EndProject
Project("{FAE04EC0-301F-11D3-BF4B-00C04F79EFBC}") = "AoC._2023.Day04.UnitTests", "2023\AoC._2023.Day04.UnitTests\AoC._2023.Day04.UnitTests.csproj", "{D0939149-7F7A-4828-B363-1CB102FD7D09}"
EndProject
Global
	GlobalSection(SolutionConfigurationPlatforms) = preSolution
		Debug|Any CPU = Debug|Any CPU
		Release|Any CPU = Release|Any CPU
	EndGlobalSection
	GlobalSection(NestedProjects) = preSolution
		{7876599F-57DF-4A12-BD25-2369E57F9271} = {748E1E00-2E87-471B-BD71-6B8B517B5654}
		{97B02F95-A4A0-4844-B350-7E68E5F44FEE} = {748E1E00-2E87-471B-BD71-6B8B517B5654}
		{36251F05-6837-4B73-A290-0B7731C988E0} = {748E1E00-2E87-471B-BD71-6B8B517B5654}
		{EFBBDF16-4A9B-43DF-9E91-D4B6CF9C698F} = {748E1E00-2E87-471B-BD71-6B8B517B5654}
		{30132915-75FC-4C4F-B33E-9A192375BB31} = {748E1E00-2E87-471B-BD71-6B8B517B5654}
		{66339390-65C1-40B7-9013-8DC246959C8D} = {748E1E00-2E87-471B-BD71-6B8B517B5654}
		{E22C0D0F-576E-4FF8-88C5-4459D9C46FD4} = {748E1E00-2E87-471B-BD71-6B8B517B5654}
		{D0939149-7F7A-4828-B363-1CB102FD7D09} = {748E1E00-2E87-471B-BD71-6B8B517B5654}
	EndGlobalSection
	GlobalSection(ProjectConfigurationPlatforms) = postSolution
		{7876599F-57DF-4A12-BD25-2369E57F9271}.Debug|Any CPU.ActiveCfg = Debug|Any CPU
		{7876599F-57DF-4A12-BD25-2369E57F9271}.Debug|Any CPU.Build.0 = Debug|Any CPU
		{7876599F-57DF-4A12-BD25-2369E57F9271}.Release|Any CPU.ActiveCfg = Release|Any CPU
		{7876599F-57DF-4A12-BD25-2369E57F9271}.Release|Any CPU.Build.0 = Release|Any CPU
		{1A615387-83B9-49BE-853B-1DF3AAC7B157}.Debug|Any CPU.ActiveCfg = Debug|Any CPU
		{1A615387-83B9-49BE-853B-1DF3AAC7B157}.Debug|Any CPU.Build.0 = Debug|Any CPU
		{1A615387-83B9-49BE-853B-1DF3AAC7B157}.Release|Any CPU.ActiveCfg = Release|Any CPU
		{1A615387-83B9-49BE-853B-1DF3AAC7B157}.Release|Any CPU.Build.0 = Release|Any CPU
		{DA11E7F2-A93F-4CBE-B7C8-55B02C581115}.Debug|Any CPU.ActiveCfg = Debug|Any CPU
		{DA11E7F2-A93F-4CBE-B7C8-55B02C581115}.Debug|Any CPU.Build.0 = Debug|Any CPU
		{DA11E7F2-A93F-4CBE-B7C8-55B02C581115}.Release|Any CPU.ActiveCfg = Release|Any CPU
		{DA11E7F2-A93F-4CBE-B7C8-55B02C581115}.Release|Any CPU.Build.0 = Release|Any CPU
		{97B02F95-A4A0-4844-B350-7E68E5F44FEE}.Debug|Any CPU.ActiveCfg = Debug|Any CPU
		{97B02F95-A4A0-4844-B350-7E68E5F44FEE}.Debug|Any CPU.Build.0 = Debug|Any CPU
		{97B02F95-A4A0-4844-B350-7E68E5F44FEE}.Release|Any CPU.ActiveCfg = Release|Any CPU
		{97B02F95-A4A0-4844-B350-7E68E5F44FEE}.Release|Any CPU.Build.0 = Release|Any CPU
		{36251F05-6837-4B73-A290-0B7731C988E0}.Debug|Any CPU.ActiveCfg = Debug|Any CPU
		{36251F05-6837-4B73-A290-0B7731C988E0}.Debug|Any CPU.Build.0 = Debug|Any CPU
		{36251F05-6837-4B73-A290-0B7731C988E0}.Release|Any CPU.ActiveCfg = Release|Any CPU
		{36251F05-6837-4B73-A290-0B7731C988E0}.Release|Any CPU.Build.0 = Release|Any CPU
		{EFBBDF16-4A9B-43DF-9E91-D4B6CF9C698F}.Debug|Any CPU.ActiveCfg = Debug|Any CPU
		{EFBBDF16-4A9B-43DF-9E91-D4B6CF9C698F}.Debug|Any CPU.Build.0 = Debug|Any CPU
		{EFBBDF16-4A9B-43DF-9E91-D4B6CF9C698F}.Release|Any CPU.ActiveCfg = Release|Any CPU
		{EFBBDF16-4A9B-43DF-9E91-D4B6CF9C698F}.Release|Any CPU.Build.0 = Release|Any CPU
		{30132915-75FC-4C4F-B33E-9A192375BB31}.Debug|Any CPU.ActiveCfg = Debug|Any CPU
		{30132915-75FC-4C4F-B33E-9A192375BB31}.Debug|Any CPU.Build.0 = Debug|Any CPU
		{30132915-75FC-4C4F-B33E-9A192375BB31}.Release|Any CPU.ActiveCfg = Release|Any CPU
		{30132915-75FC-4C4F-B33E-9A192375BB31}.Release|Any CPU.Build.0 = Release|Any CPU
		{66339390-65C1-40B7-9013-8DC246959C8D}.Debug|Any CPU.ActiveCfg = Debug|Any CPU
		{66339390-65C1-40B7-9013-8DC246959C8D}.Debug|Any CPU.Build.0 = Debug|Any CPU
		{66339390-65C1-40B7-9013-8DC246959C8D}.Release|Any CPU.ActiveCfg = Release|Any CPU
		{66339390-65C1-40B7-9013-8DC246959C8D}.Release|Any CPU.Build.0 = Release|Any CPU
		{E22C0D0F-576E-4FF8-88C5-4459D9C46FD4}.Debug|Any CPU.ActiveCfg = Debug|Any CPU
		{E22C0D0F-576E-4FF8-88C5-4459D9C46FD4}.Debug|Any CPU.Build.0 = Debug|Any CPU
		{E22C0D0F-576E-4FF8-88C5-4459D9C46FD4}.Release|Any CPU.ActiveCfg = Release|Any CPU
		{E22C0D0F-576E-4FF8-88C5-4459D9C46FD4}.Release|Any CPU.Build.0 = Release|Any CPU
		{D0939149-7F7A-4828-B363-1CB102FD7D09}.Debug|Any CPU.ActiveCfg = Debug|Any CPU
		{D0939149-7F7A-4828-B363-1CB102FD7D09}.Debug|Any CPU.Build.0 = Debug|Any CPU
		{D0939149-7F7A-4828-B363-1CB102FD7D09}.Release|Any CPU.ActiveCfg = Release|Any CPU
		{D0939149-7F7A-4828-B363-1CB102FD7D09}.Release|Any CPU.Build.0 = Release|Any CPU
	EndGlobalSection
EndGlobal
